{
  "requires": true,
  "lockfileVersion": 1,
  "dependencies": {
    "@remix-run/router": {
      "version": "1.6.3",
      "resolved": "https://registry.npmjs.org/@remix-run/router/-/router-1.6.3.tgz",
      "integrity": "sha512-EXJysQ7J3veRECd0kZFQwYYd5sJMcq2O/m60zu1W2l3oVQ9xtub8jTOtYRE0+M2iomyG/W3Ps7+vp2kna0C27Q=="
    },
    "react-router": {
      "version": "6.12.0",
      "resolved": "https://registry.npmjs.org/react-router/-/react-router-6.12.0.tgz",
      "integrity": "sha512-/tCGtLq9umxRvbYeIx3j94CmpQfue0E3qnetVm9luKhu58cR4t+3O4ZrQXBdXfJrBATOAj+wF/1ihJJQI8AoTw==",
      "requires": {
        "@remix-run/router": "1.6.3"
      }
    },
    "react-router-dom": {
      "version": "6.12.0",
      "resolved": "https://registry.npmjs.org/react-router-dom/-/react-router-dom-6.12.0.tgz",
      "integrity": "sha512-UzLwZ3ZVaDr6YV0HdjwxuwtDKgwpJx9o1ea9fU0HV4tTvzdB8WPHzlLFMo5orchpIS84e8G4Erlhu7Rl84XDFQ==",
      "requires": {
        "@remix-run/router": "1.6.3",
        "react-router": "6.12.0"
      }
    }
  }
}
